
Microsoft Visual Studio Solution File, Format Version 12.00
# Visual Studio Version 17
VisualStudioVersion = 17.9.34728.123
MinimumVisualStudioVersion = 10.0.40219.1
Project("{FAE04EC0-301F-11D3-BF4B-00C04F79EFBC}") = "Test-forms", "Test-forms\Test-forms.csproj", "{7C300D11-96CB-4D0F-B3C5-DA7729447065}"
EndProject
Global
	GlobalSection(SolutionConfigurationPlatforms) = preSolution
		Debug|Any CPU = Debug|Any CPU
		Release|Any CPU = Release|Any CPU
	EndGlobalSection
	GlobalSection(ProjectConfigurationPlatforms) = postSolution
		{7C300D11-96CB-4D0F-B3C5-DA7729447065}.Debug|Any CPU.ActiveCfg = Debug|Any CPU
		{7C300D11-96CB-4D0F-B3C5-DA7729447065}.Debug|Any CPU.Build.0 = Debug|Any CPU
		{7C300D11-96CB-4D0F-B3C5-DA7729447065}.Release|Any CPU.ActiveCfg = Release|Any CPU
		{7C300D11-96CB-4D0F-B3C5-DA7729447065}.Release|Any CPU.Build.0 = Release|Any CPU
	EndGlobalSection
	GlobalSection(SolutionProperties) = preSolution
		HideSolutionNode = FALSE
	EndGlobalSection
	GlobalSection(ExtensibilityGlobals) = postSolution
		SolutionGuid = {A3169D81-FD19-4AD3-9F8F-2FE7C3C1841F}
	EndGlobalSection
EndGlobal
